# THIS IS AN AUTOGENERATED FILE. DO NOT EDIT THIS FILE DIRECTLY.
# yarn lockfile v1


postgraphile-upsert-plugin@^1.0.5:
  version "1.0.5"
  resolved "https://registry.yarnpkg.com/postgraphile-upsert-plugin/-/postgraphile-upsert-plugin-1.0.5.tgz#d1da1e2d0a65ba399450394efdb00f3f77b7d0b5"
  integrity sha512-FUUKuw3pUq2pPStxqqAuaZ/W1COfHjdR2hN/GeVo3LqoYUg7oAqxX9ckq+ioIwAc5kjtY58mO2+Ysq3Omha+Tg==
